
Microsoft Visual Studio Solution File, Format Version 12.00
# Visual Studio Version 17
VisualStudioVersion = 17.0.32126.317
MinimumVisualStudioVersion = 10.0.40219.1
Project("{FAE04EC0-301F-11D3-BF4B-00C04F79EFBC}") = "Bravo- SR01", "Bravo- SR01\Bravo- SR01.csproj", "{86A29D03-1196-4DE5-A419-01B08335AD3F}"
EndProject
Global
	GlobalSection(SolutionConfigurationPlatforms) = preSolution
		Debug|Any CPU = Debug|Any CPU
		Release|Any CPU = Release|Any CPU
	EndGlobalSection
	GlobalSection(ProjectConfigurationPlatforms) = postSolution
		{86A29D03-1196-4DE5-A419-01B08335AD3F}.Debug|Any CPU.ActiveCfg = Debug|Any CPU
		{86A29D03-1196-4DE5-A419-01B08335AD3F}.Debug|Any CPU.Build.0 = Debug|Any CPU
		{86A29D03-1196-4DE5-A419-01B08335AD3F}.Release|Any CPU.ActiveCfg = Release|Any CPU
		{86A29D03-1196-4DE5-A419-01B08335AD3F}.Release|Any CPU.Build.0 = Release|Any CPU
	EndGlobalSection
	GlobalSection(SolutionProperties) = preSolution
		HideSolutionNode = FALSE
	EndGlobalSection
	GlobalSection(ExtensibilityGlobals) = postSolution
		SolutionGuid = {C4317675-D612-40B5-A6B2-AFC6FCF3E66A}
	EndGlobalSection
EndGlobal
